{
    "_readme": [
        "This file locks the dependencies of your project to a known state",
        "Read more about it at https://getcomposer.org/doc/01-basic-usage.md#installing-dependencies",
        "This file is @generated automatically"
    ],
    "content-hash": "0e4ceb1b18675efaf7a7a729b27f4377",
    "packages": [
        {
            "name": "aristath/kirki",
            "version": "3.1.7",
            "source": {
                "type": "git",
                "url": "https://github.com/kirki-framework/kirki.git",
                "reference": "0f9d24437665f6d5664da4e12bb4f0ae410815e4"
            },
            "dist": {
                "type": "zip",
                "url": "https://api.github.com/repos/kirki-framework/kirki/zipball/0f9d24437665f6d5664da4e12bb4f0ae410815e4",
                "reference": "0f9d24437665f6d5664da4e12bb4f0ae410815e4",
                "shasum": ""
            },
            "require": {
                "php": ">=5.2"
            },
            "require-dev": {
                "codacy/coverage": "dev-master",
                "composer/installers": "*",
                "dealerdirect/phpcodesniffer-composer-installer": "*",
                "php-coveralls/php-coveralls": "^2.0",
                "phpcompatibility/phpcompatibility-wp": "*",
                "phpunit/phpunit": "*",
                "wp-coding-standards/wpcs": "*"
            },
            "type": "library",
            "notification-url": "https://packagist.org/downloads/",
            "include-path": [
                ".",
                "core"
            ],
            "license": [
                "MIT"
            ],
            "authors": [
                {
                    "name": "aristath",
                    "email": "aristath@gmail.com",
                    "homepage": "https://aristath.github.io",
                    "role": "Developer"
                }
            ],
            "description": "Extending the WordPress customizer",
            "homepage": "https://kirki.org",
            "keywords": [
                "customizer",
                "wordpress"
            ],
            "support": {
                "issues": "https://github.com/kirki-framework/kirki/issues",
                "source": "https://github.com/kirki-framework/kirki/tree/3.1.7"
            },
            "funding": [
                {
                    "url": "https://aristath.github.io/donate",
                    "type": "custom"
                },
                {
                    "url": "https://github.com/aristath",
                    "type": "github"
                }
            ],
            "time": "2021-06-21T13:48:36+00:00"
        },
        {
            "name": "tgmpa/tgm-plugin-activation",
            "version": "2.6.1",
            "source": {
                "type": "git",
                "url": "https://github.com/TGMPA/TGM-Plugin-Activation.git",
                "reference": "c626d0d91fc8ef24916e809c7b79eeafab1c1cac"
            },
            "dist": {
                "type": "zip",
                "url": "https://api.github.com/repos/TGMPA/TGM-Plugin-Activation/zipball/c626d0d91fc8ef24916e809c7b79eeafab1c1cac",
                "reference": "c626d0d91fc8ef24916e809c7b79eeafab1c1cac",
                "shasum": ""
            },
            "require": {
                "php": ">=5.2"
            },
            "type": "library",
            "autoload": {
                "files": [
                    "class-tgm-plugin-activation.php"
                ]
            },
            "notification-url": "https://packagist.org/downloads/",
            "license": [
                "GPL-2.0+"
            ],
            "authors": [
                {
                    "name": "Thomas Griffin",
                    "homepage": "http://thomasgriffinmedia.com",
                    "role": "Developer"
                },
                {
                    "name": "Gary Jones",
                    "homepage": "https://github.com/GaryJones",
                    "role": "Developer"
                },
                {
                    "name": "Juliette Reinders Folmer",
                    "homepage": "https://github.com/jrfnl",
                    "role": "Developer"
                }
            ],
            "description": "TGM Plugin Activation is a PHP library that allows you to easily require or recommend plugins for your WordPress themes (and plugins).",
            "homepage": "http://tgmpluginactivation.com",
            "keywords": [
                "activation",
                "library",
                "plugins",
                "theme",
                "wordpress"
            ],
            "support": {
                "issues": "https://github.com/TGMPA/TGM-Plugin-Activation/issues",
                "source": "https://github.com/TGMPA/TGM-Plugin-Activation"
            },
            "time": "2016-05-19T15:46:51+00:00"
        }
    ],
    "packages-dev": [],
    "aliases": [],
    "minimum-stability": "dev",
    "stability-flags": [],
    "prefer-stable": true,
    "prefer-lowest": false,
    "platform": [],
    "platform-dev": [],
    "plugin-api-version": "2.0.0"
}
